
Microsoft Visual Studio Solution File, Format Version 11.00
# Visual Studio 2010
Project("{FAE04EC0-301F-11D3-BF4B-00C04F79EFBC}") = "Rabobank.ISDArchitecture.URLShortener.UI.Web", "RaboURLShortner\Rabobank.ISDArchitecture.URLShortener.UI.Web.csproj", "{FD7CFCA1-B57F-4CDA-9961-90133D4C208F}"
EndProject
Project("{FAE04EC0-301F-11D3-BF4B-00C04F79EFBC}") = "Rabobank.ISDArchitecture.URLShortener.Tests", "RaboURLShortner.Tests\RaboURLShortner.Tests\Rabobank.ISDArchitecture.URLShortener.Tests.csproj", "{74633E0E-A346-40AA-B386-2E80193EEAE8}"
EndProject
Project("{2150E333-8FDC-42A3-9474-1A3956D46DE8}") = "Solution Items", "Solution Items", "{7B015BA2-5353-465C-9DCF-942684A3596E}"
EndProject
Global
	GlobalSection(TestCaseManagementSettings) = postSolution
		CategoryFile = RaboURLShortner.vsmdi
	EndGlobalSection
	GlobalSection(SolutionConfigurationPlatforms) = preSolution
		Debug|Any CPU = Debug|Any CPU
		Release|Any CPU = Release|Any CPU
	EndGlobalSection
	GlobalSection(ProjectConfigurationPlatforms) = postSolution
		{FD7CFCA1-B57F-4CDA-9961-90133D4C208F}.Debug|Any CPU.ActiveCfg = Debug|Any CPU
		{FD7CFCA1-B57F-4CDA-9961-90133D4C208F}.Debug|Any CPU.Build.0 = Debug|Any CPU
		{FD7CFCA1-B57F-4CDA-9961-90133D4C208F}.Release|Any CPU.ActiveCfg = Release|Any CPU
		{FD7CFCA1-B57F-4CDA-9961-90133D4C208F}.Release|Any CPU.Build.0 = Release|Any CPU
		{74633E0E-A346-40AA-B386-2E80193EEAE8}.Debug|Any CPU.ActiveCfg = Debug|Any CPU
		{74633E0E-A346-40AA-B386-2E80193EEAE8}.Debug|Any CPU.Build.0 = Debug|Any CPU
		{74633E0E-A346-40AA-B386-2E80193EEAE8}.Release|Any CPU.ActiveCfg = Release|Any CPU
		{74633E0E-A346-40AA-B386-2E80193EEAE8}.Release|Any CPU.Build.0 = Release|Any CPU
	EndGlobalSection
	GlobalSection(SolutionProperties) = preSolution
		HideSolutionNode = FALSE
	EndGlobalSection
EndGlobal
